// !$*UTF8*$!
{
	archiveVersion = 1;
	classes = {
	};
	objectVersion = 55;
	objects = {

/* Begin PBXBuildFile section */
		945BDB87282D11510040CE9C /* kadai1_1.cpp in Sources */ = {isa = PBXBuildFile; fileRef = 945BDB86282D11510040CE9C /* kadai1_1.cpp */; };
		945BDB94282D29F50040CE9C /* kadai1_3.cpp in Sources */ = {isa = PBXBuildFile; fileRef = 945BDB92282D29F50040CE9C /* kadai1_3.cpp */; };
		94BE5230282E175400F96C44 /* kadai2_0_and_2_1_1.cpp in Sources */ = {isa = PBXBuildFile; fileRef = 94BE522F282E175400F96C44 /* kadai2_0_and_2_1_1.cpp */; };
		94BE5232282E22D000F96C44 /* kadai_2_1_2.cpp in Sources */ = {isa = PBXBuildFile; fileRef = 94BE5231282E22D000F96C44 /* kadai_2_1_2.cpp */; };
		94BE5234282E2CB700F96C44 /* kadai2_2_1.cpp in Sources */ = {isa = PBXBuildFile; fileRef = 94BE5233282E2CB700F96C44 /* kadai2_2_1.cpp */; };
		94BE5236282E36C400F96C44 /* kadai_2_2_2.cpp in Sources */ = {isa = PBXBuildFile; fileRef = 94BE5235282E36C400F96C44 /* kadai_2_2_2.cpp */; };
/* End PBXBuildFile section */

/* Begin PBXCopyFilesBuildPhase section */
		945BDB81282D11510040CE9C /* CopyFiles */ = {
			isa = PBXCopyFilesBuildPhase;
			buildActionMask = 2147483647;
			dstPath = /usr/share/man/man1/;
			dstSubfolderSpec = 0;
			files = (
			);
			runOnlyForDeploymentPostprocessing = 1;
		};
/* End PBXCopyFilesBuildPhase section */

/* Begin PBXFileReference section */
		945BDB83282D11510040CE9C /* kadai_Day1 */ = {isa = PBXFileReference; explicitFileType = "compiled.mach-o.executable"; includeInIndex = 0; path = kadai_Day1; sourceTree = BUILT_PRODUCTS_DIR; };
		945BDB86282D11510040CE9C /* kadai1_1.cpp */ = {isa = PBXFileReference; lastKnownFileType = sourcecode.cpp.cpp; path = kadai1_1.cpp; sourceTree = "<group>"; };
		945BDB92282D29F50040CE9C /* kadai1_3.cpp */ = {isa = PBXFileReference; lastKnownFileType = sourcecode.cpp.cpp; path = kadai1_3.cpp; sourceTree = "<group>"; };
		945BDB93282D29F50040CE9C /* kadai1_2.hpp */ = {isa = PBXFileReference; lastKnownFileType = sourcecode.cpp.h; path = kadai1_2.hpp; sourceTree = "<group>"; };
		94BE522F282E175400F96C44 /* kadai2_0_and_2_1_1.cpp */ = {isa = PBXFileReference; lastKnownFileType = sourcecode.cpp.cpp; path = kadai2_0_and_2_1_1.cpp; sourceTree = "<group>"; };
		94BE5231282E22D000F96C44 /* kadai_2_1_2.cpp */ = {isa = PBXFileReference; lastKnownFileType = sourcecode.cpp.cpp; path = kadai_2_1_2.cpp; sourceTree = "<group>"; };
		94BE5233282E2CB700F96C44 /* kadai2_2_1.cpp */ = {isa = PBXFileReference; lastKnownFileType = sourcecode.cpp.cpp; path = kadai2_2_1.cpp; sourceTree = "<group>"; };
		94BE5235282E36C400F96C44 /* kadai_2_2_2.cpp */ = {isa = PBXFileReference; lastKnownFileType = sourcecode.cpp.cpp; path = kadai_2_2_2.cpp; sourceTree = "<group>"; };
/* End PBXFileReference section */

/* Begin PBXFrameworksBuildPhase section */
		945BDB80282D11510040CE9C /* Frameworks */ = {
			isa = PBXFrameworksBuildPhase;
			buildActionMask = 2147483647;
			files = (
			);
			runOnlyForDeploymentPostprocessing = 0;
		};
/* End PBXFrameworksBuildPhase section */

/* Begin PBXGroup section */
		945BDB7A282D11510040CE9C = {
			isa = PBXGroup;
			children = (
				945BDB85282D11510040CE9C /* kadai_Day1 */,
				945BDB84282D11510040CE9C /* Products */,
			);
			sourceTree = "<group>";
		};
		945BDB84282D11510040CE9C /* Products */ = {
			isa = PBXGroup;
			children = (
				945BDB83282D11510040CE9C /* kadai_Day1 */,
			);
			name = Products;
			sourceTree = "<group>";
		};
		945BDB85282D11510040CE9C /* kadai_Day1 */ = {
			isa = PBXGroup;
			children = (
				945BDB86282D11510040CE9C /* kadai1_1.cpp */,
				945BDB93282D29F50040CE9C /* kadai1_2.hpp */,
				945BDB92282D29F50040CE9C /* kadai1_3.cpp */,
				94BE522F282E175400F96C44 /* kadai2_0_and_2_1_1.cpp */,
				94BE5231282E22D000F96C44 /* kadai_2_1_2.cpp */,
				94BE5233282E2CB700F96C44 /* kadai2_2_1.cpp */,
				94BE5235282E36C400F96C44 /* kadai_2_2_2.cpp */,
			);
			path = kadai_Day1;
			sourceTree = "<group>";
		};
/* End PBXGroup section */

/* Begin PBXNativeTarget section */
		945BDB82282D11510040CE9C /* kadai_Day1 */ = {
			isa = PBXNativeTarget;
			buildConfigurationList = 945BDB8A282D11510040CE9C /* Build configuration list for PBXNativeTarget "kadai_Day1" */;
			buildPhases = (
				945BDB7F282D11510040CE9C /* Sources */,
				945BDB80282D11510040CE9C /* Frameworks */,
				945BDB81282D11510040CE9C /* CopyFiles */,
			);
			buildRules = (
			);
			dependencies = (
			);
			name = kadai_Day1;
			productName = kadai_Day1;
			productReference = 945BDB83282D11510040CE9C /* kadai_Day1 */;
			productType = "com.apple.product-type.tool";
		};
/* End PBXNativeTarget section */

/* Begin PBXProject section */
		945BDB7B282D11510040CE9C /* Project object */ = {
			isa = PBXProject;
			attributes = {
				BuildIndependentTargetsInParallel = 1;
				LastUpgradeCheck = 1330;
				TargetAttributes = {
					945BDB82282D11510040CE9C = {
						CreatedOnToolsVersion = 13.3.1;
					};
				};
			};
			buildConfigurationList = 945BDB7E282D11510040CE9C /* Build configuration list for PBXProject "kadai_Day1" */;
			compatibilityVersion = "Xcode 13.0";
			developmentRegion = en;
			hasScannedForEncodings = 0;
			knownRegions = (
				en,
				Base,
			);
			mainGroup = 945BDB7A282D11510040CE9C;
			productRefGroup = 945BDB84282D11510040CE9C /* Products */;
			projectDirPath = "";
			projectRoot = "";
			targets = (
				945BDB82282D11510040CE9C /* kadai_Day1 */,
			);
		};
/* End PBXProject section */

/* Begin PBXSourcesBuildPhase section */
		945BDB7F282D11510040CE9C /* Sources */ = {
			isa = PBXSourcesBuildPhase;
			buildActionMask = 2147483647;
			files = (
				94BE5230282E175400F96C44 /* kadai2_0_and_2_1_1.cpp in Sources */,
				945BDB94282D29F50040CE9C /* kadai1_3.cpp in Sources */,
				94BE5232282E22D000F96C44 /* kadai_2_1_2.cpp in Sources */,
				945BDB87282D11510040CE9C /* kadai1_1.cpp in Sources */,
				94BE5234282E2CB700F96C44 /* kadai2_2_1.cpp in Sources */,
				94BE5236282E36C400F96C44 /* kadai_2_2_2.cpp in Sources */,
			);
			runOnlyForDeploymentPostprocessing = 0;
		};
/* End PBXSourcesBuildPhase section */

/* Begin XCBuildConfiguration section */
		945BDB88282D11510040CE9C /* Debug */ = {
			isa = XCBuildConfiguration;
			buildSettings = {
				ALWAYS_SEARCH_USER_PATHS = NO;
				CLANG_ANALYZER_NONNULL = YES;
				CLANG_ANALYZER_NUMBER_OBJECT_CONVERSION = YES_AGGRESSIVE;
				CLANG_CXX_LANGUAGE_STANDARD = "gnu++17";
				CLANG_ENABLE_MODULES = YES;
				CLANG_ENABLE_OBJC_ARC = YES;
				CLANG_ENABLE_OBJC_WEAK = YES;
				CLANG_WARN_BLOCK_CAPTURE_AUTORELEASING = YES;
				CLANG_WARN_BOOL_CONVERSION = YES;
				CLANG_WARN_COMMA = YES;
				CLANG_WARN_CONSTANT_CONVERSION = YES;
				CLANG_WARN_DEPRECATED_OBJC_IMPLEMENTATIONS = YES;
				CLANG_WARN_DIRECT_OBJC_ISA_USAGE = YES_ERROR;
				CLANG_WARN_DOCUMENTATION_COMMENTS = YES;
				CLANG_WARN_EMPTY_BODY = YES;
				CLANG_WARN_ENUM_CONVERSION = YES;
				CLANG_WARN_INFINITE_RECURSION = YES;
				CLANG_WARN_INT_CONVERSION = YES;
				CLANG_WARN_NON_LITERAL_NULL_CONVERSION = YES;
				CLANG_WARN_OBJC_IMPLICIT_RETAIN_SELF = YES;
				CLANG_WARN_OBJC_LITERAL_CONVERSION = YES;
				CLANG_WARN_OBJC_ROOT_CLASS = YES_ERROR;
				CLANG_WARN_QUOTED_INCLUDE_IN_FRAMEWORK_HEADER = YES;
				CLANG_WARN_RANGE_LOOP_ANALYSIS = YES;
				CLANG_WARN_STRICT_PROTOTYPES = YES;
				CLANG_WARN_SUSPICIOUS_MOVE = YES;
				CLANG_WARN_UNGUARDED_AVAILABILITY = YES_AGGRESSIVE;
				CLANG_WARN_UNREACHABLE_CODE = YES;
				CLANG_WARN__DUPLICATE_METHOD_MATCH = YES;
				COPY_PHASE_STRIP = NO;
				DEBUG_INFORMATION_FORMAT = dwarf;
				ENABLE_STRICT_OBJC_MSGSEND = YES;
				ENABLE_TESTABILITY = YES;
				GCC_C_LANGUAGE_STANDARD = gnu11;
				GCC_DYNAMIC_NO_PIC = NO;
				GCC_NO_COMMON_BLOCKS = YES;
				GCC_OPTIMIZATION_LEVEL = 0;
				GCC_PREPROCESSOR_DEFINITIONS = (
					"DEBUG=1",
					"$(inherited)",
				);
				GCC_WARN_64_TO_32_BIT_CONVERSION = YES;
				GCC_WARN_ABOUT_RETURN_TYPE = YES_ERROR;
				GCC_WARN_UNDECLARED_SELECTOR = YES;
				GCC_WARN_UNINITIALIZED_AUTOS = YES_AGGRESSIVE;
				GCC_WARN_UNUSED_FUNCTION = YES;
				GCC_WARN_UNUSED_VARIABLE = YES;
				MACOSX_DEPLOYMENT_TARGET = 12.1;
				MTL_ENABLE_DEBUG_INFO = INCLUDE_SOURCE;
				MTL_FAST_MATH = YES;
				ONLY_ACTIVE_ARCH = YES;
				SDKROOT = macosx;
			};
			name = Debug;
		};
		945BDB89282D11510040CE9C /* Release */ = {
			isa = XCBuildConfiguration;
			buildSettings = {
				ALWAYS_SEARCH_USER_PATHS = NO;
				CLANG_ANALYZER_NONNULL = YES;
				CLANG_ANALYZER_NUMBER_OBJECT_CONVERSION = YES_AGGRESSIVE;
				CLANG_CXX_LANGUAGE_STANDARD = "gnu++17";
				CLANG_ENABLE_MODULES = YES;
				CLANG_ENABLE_OBJC_ARC = YES;
				CLANG_ENABLE_OBJC_WEAK = YES;
				CLANG_WARN_BLOCK_CAPTURE_AUTORELEASING = YES;
				CLANG_WARN_BOOL_CONVERSION = YES;
				CLANG_WARN_COMMA = YES;
				CLANG_WARN_CONSTANT_CONVERSION = YES;
				CLANG_WARN_DEPRECATED_OBJC_IMPLEMENTATIONS = YES;
				CLANG_WARN_DIRECT_OBJC_ISA_USAGE = YES_ERROR;
				CLANG_WARN_DOCUMENTATION_COMMENTS = YES;
				CLANG_WARN_EMPTY_BODY = YES;
				CLANG_WARN_ENUM_CONVERSION = YES;
				CLANG_WARN_INFINITE_RECURSION = YES;
				CLANG_WARN_INT_CONVERSION = YES;
				CLANG_WARN_NON_LITERAL_NULL_CONVERSION = YES;
				CLANG_WARN_OBJC_IMPLICIT_RETAIN_SELF = YES;
				CLANG_WARN_OBJC_LITERAL_CONVERSION = YES;
				CLANG_WARN_OBJC_ROOT_CLASS = YES_ERROR;
				CLANG_WARN_QUOTED_INCLUDE_IN_FRAMEWORK_HEADER = YES;
				CLANG_WARN_RANGE_LOOP_ANALYSIS = YES;
				CLANG_WARN_STRICT_PROTOTYPES = YES;
				CLANG_WARN_SUSPICIOUS_MOVE = YES;
				CLANG_WARN_UNGUARDED_AVAILABILITY = YES_AGGRESSIVE;
				CLANG_WARN_UNREACHABLE_CODE = YES;
				CLANG_WARN__DUPLICATE_METHOD_MATCH = YES;
				COPY_PHASE_STRIP = NO;
				DEBUG_INFORMATION_FORMAT = "dwarf-with-dsym";
				ENABLE_NS_ASSERTIONS = NO;
				ENABLE_STRICT_OBJC_MSGSEND = YES;
				GCC_C_LANGUAGE_STANDARD = gnu11;
				GCC_NO_COMMON_BLOCKS = YES;
				GCC_WARN_64_TO_32_BIT_CONVERSION = YES;
				GCC_WARN_ABOUT_RETURN_TYPE = YES_ERROR;
				GCC_WARN_UNDECLARED_SELECTOR = YES;
				GCC_WARN_UNINITIALIZED_AUTOS = YES_AGGRESSIVE;
				GCC_WARN_UNUSED_FUNCTION = YES;
				GCC_WARN_UNUSED_VARIABLE = YES;
				MACOSX_DEPLOYMENT_TARGET = 12.1;
				MTL_ENABLE_DEBUG_INFO = NO;
				MTL_FAST_MATH = YES;
				SDKROOT = macosx;
			};
			name = Release;
		};
		945BDB8B282D11510040CE9C /* Debug */ = {
			isa = XCBuildConfiguration;
			buildSettings = {
				CODE_SIGN_STYLE = Automatic;
				DEVELOPMENT_TEAM = UNTPRP3C66;
				ENABLE_HARDENED_RUNTIME = YES;
				PRODUCT_NAME = "$(TARGET_NAME)";
			};
			name = Debug;
		};
		945BDB8C282D11510040CE9C /* Release */ = {
			isa = XCBuildConfiguration;
			buildSettings = {
				CODE_SIGN_STYLE = Automatic;
				DEVELOPMENT_TEAM = UNTPRP3C66;
				ENABLE_HARDENED_RUNTIME = YES;
				PRODUCT_NAME = "$(TARGET_NAME)";
			};
			name = Release;
		};
/* End XCBuildConfiguration section */

/* Begin XCConfigurationList section */
		945BDB7E282D11510040CE9C /* Build configuration list for PBXProject "kadai_Day1" */ = {
			isa = XCConfigurationList;
			buildConfigurations = (
				945BDB88282D11510040CE9C /* Debug */,
				945BDB89282D11510040CE9C /* Release */,
			);
			defaultConfigurationIsVisible = 0;
			defaultConfigurationName = Release;
		};
		945BDB8A282D11510040CE9C /* Build configuration list for PBXNativeTarget "kadai_Day1" */ = {
			isa = XCConfigurationList;
			buildConfigurations = (
				945BDB8B282D11510040CE9C /* Debug */,
				945BDB8C282D11510040CE9C /* Release */,
			);
			defaultConfigurationIsVisible = 0;
			defaultConfigurationName = Release;
		};
/* End XCConfigurationList section */
	};
	rootObject = 945BDB7B282D11510040CE9C /* Project object */;
}
